// !$*UTF8*$!
{
	archiveVersion = 1;
	classes = {
	};
	objectVersion = 46;
	objects = {

/* Begin PBXBuildFile section */
		A0102DD31BEA098200C40763 /* CreateQrCodeViewController.m in Sources */ = {isa = PBXBuildFile; fileRef = A0102DD21BEA098200C40763 /* CreateQrCodeViewController.m */; };
		A0102DD61BEA09B800C40763 /* NSObject+QRCreate.m in Sources */ = {isa = PBXBuildFile; fileRef = A0102DD51BEA09B800C40763 /* NSObject+QRCreate.m */; };
		A02B6EC51BE9945C006D9550 /* main.m in Sources */ = {isa = PBXBuildFile; fileRef = A02B6EC41BE9945C006D9550 /* main.m */; };
		A02B6EC81BE9945C006D9550 /* AppDelegate.m in Sources */ = {isa = PBXBuildFile; fileRef = A02B6EC71BE9945C006D9550 /* AppDelegate.m */; };
		A02B6ED01BE9945C006D9550 /* Assets.xcassets in Resources */ = {isa = PBXBuildFile; fileRef = A02B6ECF1BE9945C006D9550 /* Assets.xcassets */; };
		A02B6ED31BE9945C006D9550 /* LaunchScreen.storyboard in Resources */ = {isa = PBXBuildFile; fileRef = A02B6ED11BE9945C006D9550 /* LaunchScreen.storyboard */; };
		A02B6EDE1BE9945C006D9550 /* QRCodeProductTests.m in Sources */ = {isa = PBXBuildFile; fileRef = A02B6EDD1BE9945C006D9550 /* QRCodeProductTests.m */; };
		A02B6EE91BE9945C006D9550 /* QRCodeProductUITests.m in Sources */ = {isa = PBXBuildFile; fileRef = A02B6EE81BE9945C006D9550 /* QRCodeProductUITests.m */; };
		A02B6EFA1BE9970A006D9550 /* HomeViewController.m in Sources */ = {isa = PBXBuildFile; fileRef = A02B6EF91BE9970A006D9550 /* HomeViewController.m */; };
		B04EEB071D14ECF60042E1DC /* ScanQRCodeView.m in Sources */ = {isa = PBXBuildFile; fileRef = B04EEB021D14ECF60042E1DC /* ScanQRCodeView.m */; };
		B04EEB081D14ECF60042E1DC /* ScanQRCodeViewController.m in Sources */ = {isa = PBXBuildFile; fileRef = B04EEB041D14ECF60042E1DC /* ScanQRCodeViewController.m */; };
		B04EEB091D14ECF60042E1DC /* ShowScanContentViewController.m in Sources */ = {isa = PBXBuildFile; fileRef = B04EEB061D14ECF60042E1DC /* ShowScanContentViewController.m */; };
		B04EEB121D14EDD70042E1DC /* scanQR_back.png in Resources */ = {isa = PBXBuildFile; fileRef = B04EEB0C1D14EDD70042E1DC /* scanQR_back.png */; };
		B04EEB131D14EDD70042E1DC /* scanQR_barCode.png in Resources */ = {isa = PBXBuildFile; fileRef = B04EEB0D1D14EDD70042E1DC /* scanQR_barCode.png */; };
		B04EEB141D14EDD70042E1DC /* scanQR_border.png in Resources */ = {isa = PBXBuildFile; fileRef = B04EEB0E1D14EDD70042E1DC /* scanQR_border.png */; };
		B04EEB151D14EDD70042E1DC /* scanQR_code.png in Resources */ = {isa = PBXBuildFile; fileRef = B04EEB0F1D14EDD70042E1DC /* scanQR_code.png */; };
		B04EEB161D14EDD70042E1DC /* scanQR_help.png in Resources */ = {isa = PBXBuildFile; fileRef = B04EEB101D14EDD70042E1DC /* scanQR_help.png */; };
		B04EEB171D14EDD70042E1DC /* scanQR_record.png in Resources */ = {isa = PBXBuildFile; fileRef = B04EEB111D14EDD70042E1DC /* scanQR_record.png */; };
/* End PBXBuildFile section */

/* Begin PBXContainerItemProxy section */
		A02B6EDA1BE9945C006D9550 /* PBXContainerItemProxy */ = {
			isa = PBXContainerItemProxy;
			containerPortal = A02B6EB81BE9945C006D9550 /* Project object */;
			proxyType = 1;
			remoteGlobalIDString = A02B6EBF1BE9945C006D9550;
			remoteInfo = QRCodeProduct;
		};
		A02B6EE51BE9945C006D9550 /* PBXContainerItemProxy */ = {
			isa = PBXContainerItemProxy;
			containerPortal = A02B6EB81BE9945C006D9550 /* Project object */;
			proxyType = 1;
			remoteGlobalIDString = A02B6EBF1BE9945C006D9550;
			remoteInfo = QRCodeProduct;
		};
/* End PBXContainerItemProxy section */

/* Begin PBXFileReference section */
		A0102DD11BEA098200C40763 /* CreateQrCodeViewController.h */ = {isa = PBXFileReference; fileEncoding = 4; lastKnownFileType = sourcecode.c.h; path = CreateQrCodeViewController.h; sourceTree = "<group>"; };
		A0102DD21BEA098200C40763 /* CreateQrCodeViewController.m */ = {isa = PBXFileReference; fileEncoding = 4; lastKnownFileType = sourcecode.c.objc; path = CreateQrCodeViewController.m; sourceTree = "<group>"; };
		A0102DD41BEA09B800C40763 /* NSObject+QRCreate.h */ = {isa = PBXFileReference; fileEncoding = 4; lastKnownFileType = sourcecode.c.h; path = "NSObject+QRCreate.h"; sourceTree = "<group>"; };
		A0102DD51BEA09B800C40763 /* NSObject+QRCreate.m */ = {isa = PBXFileReference; fileEncoding = 4; lastKnownFileType = sourcecode.c.objc; path = "NSObject+QRCreate.m"; sourceTree = "<group>"; };
		A02B6EC01BE9945C006D9550 /* QRCodeProduct.app */ = {isa = PBXFileReference; explicitFileType = wrapper.application; includeInIndex = 0; path = QRCodeProduct.app; sourceTree = BUILT_PRODUCTS_DIR; };
		A02B6EC41BE9945C006D9550 /* main.m */ = {isa = PBXFileReference; lastKnownFileType = sourcecode.c.objc; path = main.m; sourceTree = "<group>"; };
		A02B6EC61BE9945C006D9550 /* AppDelegate.h */ = {isa = PBXFileReference; lastKnownFileType = sourcecode.c.h; path = AppDelegate.h; sourceTree = "<group>"; };
		A02B6EC71BE9945C006D9550 /* AppDelegate.m */ = {isa = PBXFileReference; lastKnownFileType = sourcecode.c.objc; path = AppDelegate.m; sourceTree = "<group>"; };
		A02B6ECF1BE9945C006D9550 /* Assets.xcassets */ = {isa = PBXFileReference; lastKnownFileType = folder.assetcatalog; path = Assets.xcassets; sourceTree = "<group>"; };
		A02B6ED21BE9945C006D9550 /* Base */ = {isa = PBXFileReference; lastKnownFileType = file.storyboard; name = Base; path = Base.lproj/LaunchScreen.storyboard; sourceTree = "<group>"; };
		A02B6ED41BE9945C006D9550 /* Info.plist */ = {isa = PBXFileReference; lastKnownFileType = text.plist.xml; path = Info.plist; sourceTree = "<group>"; };
		A02B6ED91BE9945C006D9550 /* QRCodeProductTests.xctest */ = {isa = PBXFileReference; explicitFileType = wrapper.cfbundle; includeInIndex = 0; path = QRCodeProductTests.xctest; sourceTree = BUILT_PRODUCTS_DIR; };
		A02B6EDD1BE9945C006D9550 /* QRCodeProductTests.m */ = {isa = PBXFileReference; lastKnownFileType = sourcecode.c.objc; path = QRCodeProductTests.m; sourceTree = "<group>"; };
		A02B6EDF1BE9945C006D9550 /* Info.plist */ = {isa = PBXFileReference; lastKnownFileType = text.plist.xml; path = Info.plist; sourceTree = "<group>"; };
		A02B6EE41BE9945C006D9550 /* QRCodeProductUITests.xctest */ = {isa = PBXFileReference; explicitFileType = wrapper.cfbundle; includeInIndex = 0; path = QRCodeProductUITests.xctest; sourceTree = BUILT_PRODUCTS_DIR; };
		A02B6EE81BE9945C006D9550 /* QRCodeProductUITests.m */ = {isa = PBXFileReference; lastKnownFileType = sourcecode.c.objc; path = QRCodeProductUITests.m; sourceTree = "<group>"; };
		A02B6EEA1BE9945C006D9550 /* Info.plist */ = {isa = PBXFileReference; lastKnownFileType = text.plist.xml; path = Info.plist; sourceTree = "<group>"; };
		A02B6EF81BE9970A006D9550 /* HomeViewController.h */ = {isa = PBXFileReference; fileEncoding = 4; lastKnownFileType = sourcecode.c.h; path = HomeViewController.h; sourceTree = "<group>"; };
		A02B6EF91BE9970A006D9550 /* HomeViewController.m */ = {isa = PBXFileReference; fileEncoding = 4; lastKnownFileType = sourcecode.c.objc; path = HomeViewController.m; sourceTree = "<group>"; };
		B04EEB011D14ECF60042E1DC /* ScanQRCodeView.h */ = {isa = PBXFileReference; fileEncoding = 4; lastKnownFileType = sourcecode.c.h; path = ScanQRCodeView.h; sourceTree = "<group>"; };
		B04EEB021D14ECF60042E1DC /* ScanQRCodeView.m */ = {isa = PBXFileReference; fileEncoding = 4; lastKnownFileType = sourcecode.c.objc; path = ScanQRCodeView.m; sourceTree = "<group>"; };
		B04EEB031D14ECF60042E1DC /* ScanQRCodeViewController.h */ = {isa = PBXFileReference; fileEncoding = 4; lastKnownFileType = sourcecode.c.h; path = ScanQRCodeViewController.h; sourceTree = "<group>"; };
		B04EEB041D14ECF60042E1DC /* ScanQRCodeViewController.m */ = {isa = PBXFileReference; fileEncoding = 4; lastKnownFileType = sourcecode.c.objc; path = ScanQRCodeViewController.m; sourceTree = "<group>"; };
		B04EEB051D14ECF60042E1DC /* ShowScanContentViewController.h */ = {isa = PBXFileReference; fileEncoding = 4; lastKnownFileType = sourcecode.c.h; path = ShowScanContentViewController.h; sourceTree = "<group>"; };
		B04EEB061D14ECF60042E1DC /* ShowScanContentViewController.m */ = {isa = PBXFileReference; fileEncoding = 4; lastKnownFileType = sourcecode.c.objc; path = ShowScanContentViewController.m; sourceTree = "<group>"; };
		B04EEB0C1D14EDD70042E1DC /* scanQR_back.png */ = {isa = PBXFileReference; lastKnownFileType = image.png; path = scanQR_back.png; sourceTree = "<group>"; };
		B04EEB0D1D14EDD70042E1DC /* scanQR_barCode.png */ = {isa = PBXFileReference; lastKnownFileType = image.png; path = scanQR_barCode.png; sourceTree = "<group>"; };
		B04EEB0E1D14EDD70042E1DC /* scanQR_border.png */ = {isa = PBXFileReference; lastKnownFileType = image.png; path = scanQR_border.png; sourceTree = "<group>"; };
		B04EEB0F1D14EDD70042E1DC /* scanQR_code.png */ = {isa = PBXFileReference; lastKnownFileType = image.png; path = scanQR_code.png; sourceTree = "<group>"; };
		B04EEB101D14EDD70042E1DC /* scanQR_help.png */ = {isa = PBXFileReference; lastKnownFileType = image.png; path = scanQR_help.png; sourceTree = "<group>"; };
		B04EEB111D14EDD70042E1DC /* scanQR_record.png */ = {isa = PBXFileReference; lastKnownFileType = image.png; path = scanQR_record.png; sourceTree = "<group>"; };
/* End PBXFileReference section */

/* Begin PBXFrameworksBuildPhase section */
		A02B6EBD1BE9945C006D9550 /* Frameworks */ = {
			isa = PBXFrameworksBuildPhase;
			buildActionMask = 2147483647;
			files = (
			);
			runOnlyForDeploymentPostprocessing = 0;
		};
		A02B6ED61BE9945C006D9550 /* Frameworks */ = {
			isa = PBXFrameworksBuildPhase;
			buildActionMask = 2147483647;
			files = (
			);
			runOnlyForDeploymentPostprocessing = 0;
		};
		A02B6EE11BE9945C006D9550 /* Frameworks */ = {
			isa = PBXFrameworksBuildPhase;
			buildActionMask = 2147483647;
			files = (
			);
			runOnlyForDeploymentPostprocessing = 0;
		};
/* End PBXFrameworksBuildPhase section */

/* Begin PBXGroup section */
		A0102DCC1BE9E49A00C40763 /* Source */ = {
			isa = PBXGroup;
			children = (
				B04EEB0B1D14EDD70042E1DC /* Images */,
			);
			path = Source;
			sourceTree = "<group>";
		};
		A0102DD01BEA096500C40763 /* CreateQRCodeViewController */ = {
			isa = PBXGroup;
			children = (
				A0102DD11BEA098200C40763 /* CreateQrCodeViewController.h */,
				A0102DD21BEA098200C40763 /* CreateQrCodeViewController.m */,
			);
			path = CreateQRCodeViewController;
			sourceTree = "<group>";
		};
		A02B6EB71BE9945C006D9550 = {
			isa = PBXGroup;
			children = (
				A02B6EC21BE9945C006D9550 /* QRCodeProduct */,
				A02B6EDC1BE9945C006D9550 /* QRCodeProductTests */,
				A02B6EE71BE9945C006D9550 /* QRCodeProductUITests */,
				A02B6EC11BE9945C006D9550 /* Products */,
			);
			sourceTree = "<group>";
		};
		A02B6EC11BE9945C006D9550 /* Products */ = {
			isa = PBXGroup;
			children = (
				A02B6EC01BE9945C006D9550 /* QRCodeProduct.app */,
				A02B6ED91BE9945C006D9550 /* QRCodeProductTests.xctest */,
				A02B6EE41BE9945C006D9550 /* QRCodeProductUITests.xctest */,
			);
			name = Products;
			sourceTree = "<group>";
		};
		A02B6EC21BE9945C006D9550 /* QRCodeProduct */ = {
			isa = PBXGroup;
			children = (
				A0102DCC1BE9E49A00C40763 /* Source */,
				A02B6EF71BE996FF006D9550 /* Utilities */,
				A02B6EF61BE996F5006D9550 /* UIViewController */,
				A02B6EC61BE9945C006D9550 /* AppDelegate.h */,
				A02B6EC71BE9945C006D9550 /* AppDelegate.m */,
				A02B6ECF1BE9945C006D9550 /* Assets.xcassets */,
				A02B6ED11BE9945C006D9550 /* LaunchScreen.storyboard */,
				A02B6ED41BE9945C006D9550 /* Info.plist */,
				A02B6EC31BE9945C006D9550 /* Supporting Files */,
			);
			path = QRCodeProduct;
			sourceTree = "<group>";
		};
		A02B6EC31BE9945C006D9550 /* Supporting Files */ = {
			isa = PBXGroup;
			children = (
				A02B6EC41BE9945C006D9550 /* main.m */,
			);
			name = "Supporting Files";
			sourceTree = "<group>";
		};
		A02B6EDC1BE9945C006D9550 /* QRCodeProductTests */ = {
			isa = PBXGroup;
			children = (
				A02B6EDD1BE9945C006D9550 /* QRCodeProductTests.m */,
				A02B6EDF1BE9945C006D9550 /* Info.plist */,
			);
			path = QRCodeProductTests;
			sourceTree = "<group>";
		};
		A02B6EE71BE9945C006D9550 /* QRCodeProductUITests */ = {
			isa = PBXGroup;
			children = (
				A02B6EE81BE9945C006D9550 /* QRCodeProductUITests.m */,
				A02B6EEA1BE9945C006D9550 /* Info.plist */,
			);
			path = QRCodeProductUITests;
			sourceTree = "<group>";
		};
		A02B6EF61BE996F5006D9550 /* UIViewController */ = {
			isa = PBXGroup;
			children = (
				A02B6EF81BE9970A006D9550 /* HomeViewController.h */,
				A02B6EF91BE9970A006D9550 /* HomeViewController.m */,
				B04EEB001D14ECF60042E1DC /* ScanQRcodeVC */,
				A0102DD01BEA096500C40763 /* CreateQRCodeViewController */,
			);
			path = UIViewController;
			sourceTree = "<group>";
		};
		A02B6EF71BE996FF006D9550 /* Utilities */ = {
			isa = PBXGroup;
			children = (
				A0102DD41BEA09B800C40763 /* NSObject+QRCreate.h */,
				A0102DD51BEA09B800C40763 /* NSObject+QRCreate.m */,
			);
			path = Utilities;
			sourceTree = "<group>";
		};
		B04EEB001D14ECF60042E1DC /* ScanQRcodeVC */ = {
			isa = PBXGroup;
			children = (
				B04EEB031D14ECF60042E1DC /* ScanQRCodeViewController.h */,
				B04EEB041D14ECF60042E1DC /* ScanQRCodeViewController.m */,
				B04EEB051D14ECF60042E1DC /* ShowScanContentViewController.h */,
				B04EEB061D14ECF60042E1DC /* ShowScanContentViewController.m */,
				B04EEB0A1D14ECFE0042E1DC /* View */,
			);
			path = ScanQRcodeVC;
			sourceTree = "<group>";
		};
		B04EEB0A1D14ECFE0042E1DC /* View */ = {
			isa = PBXGroup;
			children = (
				B04EEB011D14ECF60042E1DC /* ScanQRCodeView.h */,
				B04EEB021D14ECF60042E1DC /* ScanQRCodeView.m */,
			);
			name = View;
			sourceTree = "<group>";
		};
		B04EEB0B1D14EDD70042E1DC /* Images */ = {
			isa = PBXGroup;
			children = (
				B04EEB0C1D14EDD70042E1DC /* scanQR_back.png */,
				B04EEB0D1D14EDD70042E1DC /* scanQR_barCode.png */,
				B04EEB0E1D14EDD70042E1DC /* scanQR_border.png */,
				B04EEB0F1D14EDD70042E1DC /* scanQR_code.png */,
				B04EEB101D14EDD70042E1DC /* scanQR_help.png */,
				B04EEB111D14EDD70042E1DC /* scanQR_record.png */,
			);
			path = Images;
			sourceTree = "<group>";
		};
/* End PBXGroup section */

/* Begin PBXNativeTarget section */
		A02B6EBF1BE9945C006D9550 /* QRCodeProduct */ = {
			isa = PBXNativeTarget;
			buildConfigurationList = A02B6EED1BE9945C006D9550 /* Build configuration list for PBXNativeTarget "QRCodeProduct" */;
			buildPhases = (
				A02B6EBC1BE9945C006D9550 /* Sources */,
				A02B6EBD1BE9945C006D9550 /* Frameworks */,
				A02B6EBE1BE9945C006D9550 /* Resources */,
			);
			buildRules = (
			);
			dependencies = (
			);
			name = QRCodeProduct;
			productName = QRCodeProduct;
			productReference = A02B6EC01BE9945C006D9550 /* QRCodeProduct.app */;
			productType = "com.apple.product-type.application";
		};
		A02B6ED81BE9945C006D9550 /* QRCodeProductTests */ = {
			isa = PBXNativeTarget;
			buildConfigurationList = A02B6EF01BE9945C006D9550 /* Build configuration list for PBXNativeTarget "QRCodeProductTests" */;
			buildPhases = (
				A02B6ED51BE9945C006D9550 /* Sources */,
				A02B6ED61BE9945C006D9550 /* Frameworks */,
				A02B6ED71BE9945C006D9550 /* Resources */,
			);
			buildRules = (
			);
			dependencies = (
				A02B6EDB1BE9945C006D9550 /* PBXTargetDependency */,
			);
			name = QRCodeProductTests;
			productName = QRCodeProductTests;
			productReference = A02B6ED91BE9945C006D9550 /* QRCodeProductTests.xctest */;
			productType = "com.apple.product-type.bundle.unit-test";
		};
		A02B6EE31BE9945C006D9550 /* QRCodeProductUITests */ = {
			isa = PBXNativeTarget;
			buildConfigurationList = A02B6EF31BE9945C006D9550 /* Build configuration list for PBXNativeTarget "QRCodeProductUITests" */;
			buildPhases = (
				A02B6EE01BE9945C006D9550 /* Sources */,
				A02B6EE11BE9945C006D9550 /* Frameworks */,
				A02B6EE21BE9945C006D9550 /* Resources */,
			);
			buildRules = (
			);
			dependencies = (
				A02B6EE61BE9945C006D9550 /* PBXTargetDependency */,
			);
			name = QRCodeProductUITests;
			productName = QRCodeProductUITests;
			productReference = A02B6EE41BE9945C006D9550 /* QRCodeProductUITests.xctest */;
			productType = "com.apple.product-type.bundle.ui-testing";
		};
/* End PBXNativeTarget section */

/* Begin PBXProject section */
		A02B6EB81BE9945C006D9550 /* Project object */ = {
			isa = PBXProject;
			attributes = {
				LastUpgradeCheck = 0710;
				ORGANIZATIONNAME = 1card1;
				TargetAttributes = {
					A02B6EBF1BE9945C006D9550 = {
						CreatedOnToolsVersion = 7.1;
						DevelopmentTeam = EVQBS5VXGD;
					};
					A02B6ED81BE9945C006D9550 = {
						CreatedOnToolsVersion = 7.1;
						TestTargetID = A02B6EBF1BE9945C006D9550;
					};
					A02B6EE31BE9945C006D9550 = {
						CreatedOnToolsVersion = 7.1;
						TestTargetID = A02B6EBF1BE9945C006D9550;
					};
				};
			};
			buildConfigurationList = A02B6EBB1BE9945C006D9550 /* Build configuration list for PBXProject "QRCodeProduct" */;
			compatibilityVersion = "Xcode 3.2";
			developmentRegion = English;
			hasScannedForEncodings = 0;
			knownRegions = (
				en,
				Base,
			);
			mainGroup = A02B6EB71BE9945C006D9550;
			productRefGroup = A02B6EC11BE9945C006D9550 /* Products */;
			projectDirPath = "";
			projectRoot = "";
			targets = (
				A02B6EBF1BE9945C006D9550 /* QRCodeProduct */,
				A02B6ED81BE9945C006D9550 /* QRCodeProductTests */,
				A02B6EE31BE9945C006D9550 /* QRCodeProductUITests */,
			);
		};
/* End PBXProject section */

/* Begin PBXResourcesBuildPhase section */
		A02B6EBE1BE9945C006D9550 /* Resources */ = {
			isa = PBXResourcesBuildPhase;
			buildActionMask = 2147483647;
			files = (
				B04EEB151D14EDD70042E1DC /* scanQR_code.png in Resources */,
				B04EEB141D14EDD70042E1DC /* scanQR_border.png in Resources */,
				B04EEB171D14EDD70042E1DC /* scanQR_record.png in Resources */,
				B04EEB131D14EDD70042E1DC /* scanQR_barCode.png in Resources */,
				B04EEB121D14EDD70042E1DC /* scanQR_back.png in Resources */,
				A02B6ED31BE9945C006D9550 /* LaunchScreen.storyboard in Resources */,
				A02B6ED01BE9945C006D9550 /* Assets.xcassets in Resources */,
				B04EEB161D14EDD70042E1DC /* scanQR_help.png in Resources */,
			);
			runOnlyForDeploymentPostprocessing = 0;
		};
		A02B6ED71BE9945C006D9550 /* Resources */ = {
			isa = PBXResourcesBuildPhase;
			buildActionMask = 2147483647;
			files = (
			);
			runOnlyForDeploymentPostprocessing = 0;
		};
		A02B6EE21BE9945C006D9550 /* Resources */ = {
			isa = PBXResourcesBuildPhase;
			buildActionMask = 2147483647;
			files = (
			);
			runOnlyForDeploymentPostprocessing = 0;
		};
/* End PBXResourcesBuildPhase section */

/* Begin PBXSourcesBuildPhase section */
		A02B6EBC1BE9945C006D9550 /* Sources */ = {
			isa = PBXSourcesBuildPhase;
			buildActionMask = 2147483647;
			files = (
				B04EEB081D14ECF60042E1DC /* ScanQRCodeViewController.m in Sources */,
				A0102DD31BEA098200C40763 /* CreateQrCodeViewController.m in Sources */,
				B04EEB091D14ECF60042E1DC /* ShowScanContentViewController.m in Sources */,
				A02B6EC81BE9945C006D9550 /* AppDelegate.m in Sources */,
				A02B6EC51BE9945C006D9550 /* main.m in Sources */,
				B04EEB071D14ECF60042E1DC /* ScanQRCodeView.m in Sources */,
				A0102DD61BEA09B800C40763 /* NSObject+QRCreate.m in Sources */,
				A02B6EFA1BE9970A006D9550 /* HomeViewController.m in Sources */,
			);
			runOnlyForDeploymentPostprocessing = 0;
		};
		A02B6ED51BE9945C006D9550 /* Sources */ = {
			isa = PBXSourcesBuildPhase;
			buildActionMask = 2147483647;
			files = (
				A02B6EDE1BE9945C006D9550 /* QRCodeProductTests.m in Sources */,
			);
			runOnlyForDeploymentPostprocessing = 0;
		};
		A02B6EE01BE9945C006D9550 /* Sources */ = {
			isa = PBXSourcesBuildPhase;
			buildActionMask = 2147483647;
			files = (
				A02B6EE91BE9945C006D9550 /* QRCodeProductUITests.m in Sources */,
			);
			runOnlyForDeploymentPostprocessing = 0;
		};
/* End PBXSourcesBuildPhase section */

/* Begin PBXTargetDependency section */
		A02B6EDB1BE9945C006D9550 /* PBXTargetDependency */ = {
			isa = PBXTargetDependency;
			target = A02B6EBF1BE9945C006D9550 /* QRCodeProduct */;
			targetProxy = A02B6EDA1BE9945C006D9550 /* PBXContainerItemProxy */;
		};
		A02B6EE61BE9945C006D9550 /* PBXTargetDependency */ = {
			isa = PBXTargetDependency;
			target = A02B6EBF1BE9945C006D9550 /* QRCodeProduct */;
			targetProxy = A02B6EE51BE9945C006D9550 /* PBXContainerItemProxy */;
		};
/* End PBXTargetDependency section */

/* Begin PBXVariantGroup section */
		A02B6ED11BE9945C006D9550 /* LaunchScreen.storyboard */ = {
			isa = PBXVariantGroup;
			children = (
				A02B6ED21BE9945C006D9550 /* Base */,
			);
			name = LaunchScreen.storyboard;
			sourceTree = "<group>";
		};
/* End PBXVariantGroup section */

/* Begin XCBuildConfiguration section */
		A02B6EEB1BE9945C006D9550 /* Debug */ = {
			isa = XCBuildConfiguration;
			buildSettings = {
				ALWAYS_SEARCH_USER_PATHS = NO;
				CLANG_CXX_LANGUAGE_STANDARD = "gnu++0x";
				CLANG_CXX_LIBRARY = "libc++";
				CLANG_ENABLE_MODULES = YES;
				CLANG_ENABLE_OBJC_ARC = YES;
				CLANG_WARN_BOOL_CONVERSION = YES;
				CLANG_WARN_CONSTANT_CONVERSION = YES;
				CLANG_WARN_DIRECT_OBJC_ISA_USAGE = YES_ERROR;
				CLANG_WARN_EMPTY_BODY = YES;
				CLANG_WARN_ENUM_CONVERSION = YES;
				CLANG_WARN_INT_CONVERSION = YES;
				CLANG_WARN_OBJC_ROOT_CLASS = YES_ERROR;
				CLANG_WARN_UNREACHABLE_CODE = YES;
				CLANG_WARN__DUPLICATE_METHOD_MATCH = YES;
				CODE_SIGN_IDENTITY = "iPhone Developer: lisheng_xu@qq.com (S8MYETF482)";
				"CODE_SIGN_IDENTITY[sdk=iphoneos*]" = "iPhone Developer: lisheng_xu@qq.com (S8MYETF482)";
				COPY_PHASE_STRIP = NO;
				DEBUG_INFORMATION_FORMAT = dwarf;
				ENABLE_STRICT_OBJC_MSGSEND = YES;
				ENABLE_TESTABILITY = YES;
				GCC_C_LANGUAGE_STANDARD = gnu99;
				GCC_DYNAMIC_NO_PIC = NO;
				GCC_NO_COMMON_BLOCKS = YES;
				GCC_OPTIMIZATION_LEVEL = 0;
				GCC_PREPROCESSOR_DEFINITIONS = (
					"DEBUG=1",
					"$(inherited)",
				);
				GCC_WARN_64_TO_32_BIT_CONVERSION = YES;
				GCC_WARN_ABOUT_RETURN_TYPE = YES_ERROR;
				GCC_WARN_UNDECLARED_SELECTOR = YES;
				GCC_WARN_UNINITIALIZED_AUTOS = YES_AGGRESSIVE;
				GCC_WARN_UNUSED_FUNCTION = YES;
				GCC_WARN_UNUSED_VARIABLE = YES;
				IPHONEOS_DEPLOYMENT_TARGET = 9.1;
				MTL_ENABLE_DEBUG_INFO = YES;
				ONLY_ACTIVE_ARCH = YES;
				SDKROOT = iphoneos;
			};
			name = Debug;
		};
		A02B6EEC1BE9945C006D9550 /* Release */ = {
			isa = XCBuildConfiguration;
			buildSettings = {
				ALWAYS_SEARCH_USER_PATHS = NO;
				CLANG_CXX_LANGUAGE_STANDARD = "gnu++0x";
				CLANG_CXX_LIBRARY = "libc++";
				CLANG_ENABLE_MODULES = YES;
				CLANG_ENABLE_OBJC_ARC = YES;
				CLANG_WARN_BOOL_CONVERSION = YES;
				CLANG_WARN_CONSTANT_CONVERSION = YES;
				CLANG_WARN_DIRECT_OBJC_ISA_USAGE = YES_ERROR;
				CLANG_WARN_EMPTY_BODY = YES;
				CLANG_WARN_ENUM_CONVERSION = YES;
				CLANG_WARN_INT_CONVERSION = YES;
				CLANG_WARN_OBJC_ROOT_CLASS = YES_ERROR;
				CLANG_WARN_UNREACHABLE_CODE = YES;
				CLANG_WARN__DUPLICATE_METHOD_MATCH = YES;
				CODE_SIGN_IDENTITY = "iPhone Developer: lisheng_xu@qq.com (S8MYETF482)";
				"CODE_SIGN_IDENTITY[sdk=iphoneos*]" = "iPhone Developer: lisheng_xu@qq.com (S8MYETF482)";
				COPY_PHASE_STRIP = NO;
				DEBUG_INFORMATION_FORMAT = "dwarf-with-dsym";
				ENABLE_NS_ASSERTIONS = NO;
				ENABLE_STRICT_OBJC_MSGSEND = YES;
				GCC_C_LANGUAGE_STANDARD = gnu99;
				GCC_NO_COMMON_BLOCKS = YES;
				GCC_WARN_64_TO_32_BIT_CONVERSION = YES;
				GCC_WARN_ABOUT_RETURN_TYPE = YES_ERROR;
				GCC_WARN_UNDECLARED_SELECTOR = YES;
				GCC_WARN_UNINITIALIZED_AUTOS = YES_AGGRESSIVE;
				GCC_WARN_UNUSED_FUNCTION = YES;
				GCC_WARN_UNUSED_VARIABLE = YES;
				IPHONEOS_DEPLOYMENT_TARGET = 9.1;
				MTL_ENABLE_DEBUG_INFO = NO;
				SDKROOT = iphoneos;
				VALIDATE_PRODUCT = YES;
			};
			name = Release;
		};
		A02B6EEE1BE9945C006D9550 /* Debug */ = {
			isa = XCBuildConfiguration;
			buildSettings = {
				ASSETCATALOG_COMPILER_APPICON_NAME = AppIcon;
				CODE_SIGN_IDENTITY = "iPhone Developer";
				INFOPLIST_FILE = QRCodeProduct/Info.plist;
				LD_RUNPATH_SEARCH_PATHS = "$(inherited) @executable_path/Frameworks";
				PRODUCT_BUNDLE_IDENTIFIER = com.1Carda.QRCodeProduct;
				PRODUCT_NAME = "$(TARGET_NAME)";
			};
			name = Debug;
		};
		A02B6EEF1BE9945C006D9550 /* Release */ = {
			isa = XCBuildConfiguration;
			buildSettings = {
				ASSETCATALOG_COMPILER_APPICON_NAME = AppIcon;
				CODE_SIGN_IDENTITY = "iPhone Developer";
				INFOPLIST_FILE = QRCodeProduct/Info.plist;
				LD_RUNPATH_SEARCH_PATHS = "$(inherited) @executable_path/Frameworks";
				PRODUCT_BUNDLE_IDENTIFIER = com.1Carda.QRCodeProduct;
				PRODUCT_NAME = "$(TARGET_NAME)";
			};
			name = Release;
		};
		A02B6EF11BE9945C006D9550 /* Debug */ = {
			isa = XCBuildConfiguration;
			buildSettings = {
				BUNDLE_LOADER = "$(TEST_HOST)";
				INFOPLIST_FILE = QRCodeProductTests/Info.plist;
				LD_RUNPATH_SEARCH_PATHS = "$(inherited) @executable_path/Frameworks @loader_path/Frameworks";
				PRODUCT_BUNDLE_IDENTIFIER = com.1Carda.QRCodeProductTests;
				PRODUCT_NAME = "$(TARGET_NAME)";
				TEST_HOST = "$(BUILT_PRODUCTS_DIR)/QRCodeProduct.app/QRCodeProduct";
			};
			name = Debug;
		};
		A02B6EF21BE9945C006D9550 /* Release */ = {
			isa = XCBuildConfiguration;
			buildSettings = {
				BUNDLE_LOADER = "$(TEST_HOST)";
				INFOPLIST_FILE = QRCodeProductTests/Info.plist;
				LD_RUNPATH_SEARCH_PATHS = "$(inherited) @executable_path/Frameworks @loader_path/Frameworks";
				PRODUCT_BUNDLE_IDENTIFIER = com.1Carda.QRCodeProductTests;
				PRODUCT_NAME = "$(TARGET_NAME)";
				TEST_HOST = "$(BUILT_PRODUCTS_DIR)/QRCodeProduct.app/QRCodeProduct";
			};
			name = Release;
		};
		A02B6EF41BE9945C006D9550 /* Debug */ = {
			isa = XCBuildConfiguration;
			buildSettings = {
				INFOPLIST_FILE = QRCodeProductUITests/Info.plist;
				LD_RUNPATH_SEARCH_PATHS = "$(inherited) @executable_path/Frameworks @loader_path/Frameworks";
				PRODUCT_BUNDLE_IDENTIFIER = com.1Carda.QRCodeProductUITests;
				PRODUCT_NAME = "$(TARGET_NAME)";
				TEST_TARGET_NAME = QRCodeProduct;
				USES_XCTRUNNER = YES;
			};
			name = Debug;
		};
		A02B6EF51BE9945C006D9550 /* Release */ = {
			isa = XCBuildConfiguration;
			buildSettings = {
				INFOPLIST_FILE = QRCodeProductUITests/Info.plist;
				LD_RUNPATH_SEARCH_PATHS = "$(inherited) @executable_path/Frameworks @loader_path/Frameworks";
				PRODUCT_BUNDLE_IDENTIFIER = com.1Carda.QRCodeProductUITests;
				PRODUCT_NAME = "$(TARGET_NAME)";
				TEST_TARGET_NAME = QRCodeProduct;
				USES_XCTRUNNER = YES;
			};
			name = Release;
		};
/* End XCBuildConfiguration section */

/* Begin XCConfigurationList section */
		A02B6EBB1BE9945C006D9550 /* Build configuration list for PBXProject "QRCodeProduct" */ = {
			isa = XCConfigurationList;
			buildConfigurations = (
				A02B6EEB1BE9945C006D9550 /* Debug */,
				A02B6EEC1BE9945C006D9550 /* Release */,
			);
			defaultConfigurationIsVisible = 0;
			defaultConfigurationName = Release;
		};
		A02B6EED1BE9945C006D9550 /* Build configuration list for PBXNativeTarget "QRCodeProduct" */ = {
			isa = XCConfigurationList;
			buildConfigurations = (
				A02B6EEE1BE9945C006D9550 /* Debug */,
				A02B6EEF1BE9945C006D9550 /* Release */,
			);
			defaultConfigurationIsVisible = 0;
			defaultConfigurationName = Release;
		};
		A02B6EF01BE9945C006D9550 /* Build configuration list for PBXNativeTarget "QRCodeProductTests" */ = {
			isa = XCConfigurationList;
			buildConfigurations = (
				A02B6EF11BE9945C006D9550 /* Debug */,
				A02B6EF21BE9945C006D9550 /* Release */,
			);
			defaultConfigurationIsVisible = 0;
			defaultConfigurationName = Release;
		};
		A02B6EF31BE9945C006D9550 /* Build configuration list for PBXNativeTarget "QRCodeProductUITests" */ = {
			isa = XCConfigurationList;
			buildConfigurations = (
				A02B6EF41BE9945C006D9550 /* Debug */,
				A02B6EF51BE9945C006D9550 /* Release */,
			);
			defaultConfigurationIsVisible = 0;
			defaultConfigurationName = Release;
		};
/* End XCConfigurationList section */
	};
	rootObject = A02B6EB81BE9945C006D9550 /* Project object */;
}
